
Microsoft Visual Studio Solution File, Format Version 12.00
#
Project("{2150E333-8FDC-42A3-9474-1A3956D46DE8}") = "src", "src", "{BAB15C15-3479-412A-B6D1-A97517833038}"
EndProject
Project("{FAE04EC0-301F-11D3-BF4B-00C04F79EFBC}") = "Reddit2Kindle.Functions", "src\Reddit2Kindle.Functions\Reddit2Kindle.Functions.csproj", "{03513F23-4150-4F66-97C4-1E09AA84C4D9}"
EndProject
Project("{FAE04EC0-301F-11D3-BF4B-00C04F79EFBC}") = "Reddit2Kindle.Contracts", "src\Reddit2Kindle.Contracts\Reddit2Kindle.Contracts.csproj", "{27E9D23E-5C93-4715-BE60-BF42DB10D8D3}"
EndProject
Project("{FAE04EC0-301F-11D3-BF4B-00C04F79EFBC}") = "Reddit2Kindle.Blazor", "src\Reddit2Kindle.Blazor\Reddit2Kindle.Blazor.csproj", "{DC8A6957-73CF-4BD1-870E-E2D33760ADB2}"
EndProject
Global
	GlobalSection(SolutionConfigurationPlatforms) = preSolution
		Debug|Any CPU = Debug|Any CPU
		Debug|x64 = Debug|x64
		Debug|x86 = Debug|x86
		Release|Any CPU = Release|Any CPU
		Release|x64 = Release|x64
		Release|x86 = Release|x86
	EndGlobalSection
	GlobalSection(ProjectConfigurationPlatforms) = postSolution
		{03513F23-4150-4F66-97C4-1E09AA84C4D9}.Debug|Any CPU.ActiveCfg = Debug|Any CPU
		{03513F23-4150-4F66-97C4-1E09AA84C4D9}.Debug|Any CPU.Build.0 = Debug|Any CPU
		{03513F23-4150-4F66-97C4-1E09AA84C4D9}.Debug|x64.ActiveCfg = Debug|Any CPU
		{03513F23-4150-4F66-97C4-1E09AA84C4D9}.Debug|x64.Build.0 = Debug|Any CPU
		{03513F23-4150-4F66-97C4-1E09AA84C4D9}.Debug|x86.ActiveCfg = Debug|Any CPU
		{03513F23-4150-4F66-97C4-1E09AA84C4D9}.Debug|x86.Build.0 = Debug|Any CPU
		{03513F23-4150-4F66-97C4-1E09AA84C4D9}.Release|Any CPU.ActiveCfg = Release|Any CPU
		{03513F23-4150-4F66-97C4-1E09AA84C4D9}.Release|Any CPU.Build.0 = Release|Any CPU
		{03513F23-4150-4F66-97C4-1E09AA84C4D9}.Release|x64.ActiveCfg = Release|Any CPU
		{03513F23-4150-4F66-97C4-1E09AA84C4D9}.Release|x64.Build.0 = Release|Any CPU
		{03513F23-4150-4F66-97C4-1E09AA84C4D9}.Release|x86.ActiveCfg = Release|Any CPU
		{03513F23-4150-4F66-97C4-1E09AA84C4D9}.Release|x86.Build.0 = Release|Any CPU
		{27E9D23E-5C93-4715-BE60-BF42DB10D8D3}.Debug|Any CPU.ActiveCfg = Debug|Any CPU
		{27E9D23E-5C93-4715-BE60-BF42DB10D8D3}.Debug|Any CPU.Build.0 = Debug|Any CPU
		{27E9D23E-5C93-4715-BE60-BF42DB10D8D3}.Debug|x64.ActiveCfg = Debug|Any CPU
		{27E9D23E-5C93-4715-BE60-BF42DB10D8D3}.Debug|x64.Build.0 = Debug|Any CPU
		{27E9D23E-5C93-4715-BE60-BF42DB10D8D3}.Debug|x86.ActiveCfg = Debug|Any CPU
		{27E9D23E-5C93-4715-BE60-BF42DB10D8D3}.Debug|x86.Build.0 = Debug|Any CPU
		{27E9D23E-5C93-4715-BE60-BF42DB10D8D3}.Release|Any CPU.ActiveCfg = Release|Any CPU
		{27E9D23E-5C93-4715-BE60-BF42DB10D8D3}.Release|Any CPU.Build.0 = Release|Any CPU
		{27E9D23E-5C93-4715-BE60-BF42DB10D8D3}.Release|x64.ActiveCfg = Release|Any CPU
		{27E9D23E-5C93-4715-BE60-BF42DB10D8D3}.Release|x64.Build.0 = Release|Any CPU
		{27E9D23E-5C93-4715-BE60-BF42DB10D8D3}.Release|x86.ActiveCfg = Release|Any CPU
		{27E9D23E-5C93-4715-BE60-BF42DB10D8D3}.Release|x86.Build.0 = Release|Any CPU
		{DC8A6957-73CF-4BD1-870E-E2D33760ADB2}.Debug|Any CPU.ActiveCfg = Debug|Any CPU
		{DC8A6957-73CF-4BD1-870E-E2D33760ADB2}.Debug|Any CPU.Build.0 = Debug|Any CPU
		{DC8A6957-73CF-4BD1-870E-E2D33760ADB2}.Debug|x64.ActiveCfg = Debug|Any CPU
		{DC8A6957-73CF-4BD1-870E-E2D33760ADB2}.Debug|x64.Build.0 = Debug|Any CPU
		{DC8A6957-73CF-4BD1-870E-E2D33760ADB2}.Debug|x86.ActiveCfg = Debug|Any CPU
		{DC8A6957-73CF-4BD1-870E-E2D33760ADB2}.Debug|x86.Build.0 = Debug|Any CPU
		{DC8A6957-73CF-4BD1-870E-E2D33760ADB2}.Release|Any CPU.ActiveCfg = Release|Any CPU
		{DC8A6957-73CF-4BD1-870E-E2D33760ADB2}.Release|Any CPU.Build.0 = Release|Any CPU
		{DC8A6957-73CF-4BD1-870E-E2D33760ADB2}.Release|x64.ActiveCfg = Release|Any CPU
		{DC8A6957-73CF-4BD1-870E-E2D33760ADB2}.Release|x64.Build.0 = Release|Any CPU
		{DC8A6957-73CF-4BD1-870E-E2D33760ADB2}.Release|x86.ActiveCfg = Release|Any CPU
		{DC8A6957-73CF-4BD1-870E-E2D33760ADB2}.Release|x86.Build.0 = Release|Any CPU
	EndGlobalSection
	GlobalSection(NestedProjects) = preSolution
		{03513F23-4150-4F66-97C4-1E09AA84C4D9} = {BAB15C15-3479-412A-B6D1-A97517833038}
		{27E9D23E-5C93-4715-BE60-BF42DB10D8D3} = {BAB15C15-3479-412A-B6D1-A97517833038}
		{DC8A6957-73CF-4BD1-870E-E2D33760ADB2} = {BAB15C15-3479-412A-B6D1-A97517833038}
	EndGlobalSection
EndGlobal
